
Microsoft Visual Studio Solution File, Format Version 12.00
# Visual Studio Version 17
VisualStudioVersion = 17.5.002.0
MinimumVisualStudioVersion = 10.0.40219.1
Project("{9A19103F-16F7-4668-BE54-9A1E7A4F7556}") = "ProductsAPI", "ProductsAPI.csproj", "{C67C51DD-E4AD-428C-9E96-FFDA4E9D769B}"
EndProject
Global
	GlobalSection(SolutionConfigurationPlatforms) = preSolution
		Debug|Any CPU = Debug|Any CPU
		Release|Any CPU = Release|Any CPU
	EndGlobalSection
	GlobalSection(ProjectConfigurationPlatforms) = postSolution
		{C67C51DD-E4AD-428C-9E96-FFDA4E9D769B}.Debug|Any CPU.ActiveCfg = Debug|Any CPU
		{C67C51DD-E4AD-428C-9E96-FFDA4E9D769B}.Debug|Any CPU.Build.0 = Debug|Any CPU
		{C67C51DD-E4AD-428C-9E96-FFDA4E9D769B}.Release|Any CPU.ActiveCfg = Release|Any CPU
		{C67C51DD-E4AD-428C-9E96-FFDA4E9D769B}.Release|Any CPU.Build.0 = Release|Any CPU
	EndGlobalSection
	GlobalSection(SolutionProperties) = preSolution
		HideSolutionNode = FALSE
	EndGlobalSection
	GlobalSection(ExtensibilityGlobals) = postSolution
		SolutionGuid = {750A5880-9C2A-4B1C-9F19-D925BC1AC6AB}
	EndGlobalSection
EndGlobal
